
Microsoft Visual Studio Solution File, Format Version 12.00
# Visual Studio Version 17
VisualStudioVersion = 17.11.35312.102
MinimumVisualStudioVersion = 10.0.40219.1
Project("{9A19103F-16F7-4668-BE54-9A1E7A4F7556}") = "Student", "OOPTasks\Student.csproj", "{ABD5C833-9460-4D68-932B-46BD27AF01AD}"
EndProject
Project("{2150E333-8FDC-42A3-9474-1A3956D46DE8}") = "1", "1", "{527EA006-8EDC-48FA-B905-BED954D79520}"
EndProject
Project("{9A19103F-16F7-4668-BE54-9A1E7A4F7556}") = "CarConcept", "CarConcept\CarConcept.csproj", "{8100426C-1F38-49B5-A3F6-2B85B3C9E950}"
EndProject
Project("{2150E333-8FDC-42A3-9474-1A3956D46DE8}") = "2", "2", "{830168E9-4554-452C-97A9-D8A2B8B1FAE3}"
EndProject
Project("{9A19103F-16F7-4668-BE54-9A1E7A4F7556}") = "SuperClassModel", "SuperClassModel\SuperClassModel.csproj", "{90113955-6214-49C7-8C00-21E22FE87B06}"
EndProject
Project("{2150E333-8FDC-42A3-9474-1A3956D46DE8}") = "3", "3", "{F533F71B-F610-4274-97F2-01CA0BB1A49B}"
EndProject
Project("{2150E333-8FDC-42A3-9474-1A3956D46DE8}") = "ZooPoly", "ZooPoly", "{C1B95B3A-2F35-411E-A550-1082F5FCC642}"
EndProject
Project("{2150E333-8FDC-42A3-9474-1A3956D46DE8}") = "EmployeeSys", "EmployeeSys", "{5F42EB93-BF7D-4DB2-AEC3-7ACB0FABDCA5}"
EndProject
Project("{FAE04EC0-301F-11D3-BF4B-00C04F79EFBC}") = "EmployeePoly", "EmployeePoly\EmployeePoly.csproj", "{F1B8EFB9-65DC-4DBF-83F3-1E846854647A}"
EndProject
Project("{FAE04EC0-301F-11D3-BF4B-00C04F79EFBC}") = "ZooConcept", "ZooConcept\ZooConcept.csproj", "{398F3EFD-50BE-42C5-89AB-ED167EC3CCF7}"
EndProject
Global
	GlobalSection(SolutionConfigurationPlatforms) = preSolution
		Debug|Any CPU = Debug|Any CPU
		Release|Any CPU = Release|Any CPU
	EndGlobalSection
	GlobalSection(ProjectConfigurationPlatforms) = postSolution
		{ABD5C833-9460-4D68-932B-46BD27AF01AD}.Debug|Any CPU.ActiveCfg = Debug|Any CPU
		{ABD5C833-9460-4D68-932B-46BD27AF01AD}.Debug|Any CPU.Build.0 = Debug|Any CPU
		{ABD5C833-9460-4D68-932B-46BD27AF01AD}.Release|Any CPU.ActiveCfg = Release|Any CPU
		{ABD5C833-9460-4D68-932B-46BD27AF01AD}.Release|Any CPU.Build.0 = Release|Any CPU
		{8100426C-1F38-49B5-A3F6-2B85B3C9E950}.Debug|Any CPU.ActiveCfg = Debug|Any CPU
		{8100426C-1F38-49B5-A3F6-2B85B3C9E950}.Debug|Any CPU.Build.0 = Debug|Any CPU
		{8100426C-1F38-49B5-A3F6-2B85B3C9E950}.Release|Any CPU.ActiveCfg = Release|Any CPU
		{8100426C-1F38-49B5-A3F6-2B85B3C9E950}.Release|Any CPU.Build.0 = Release|Any CPU
		{90113955-6214-49C7-8C00-21E22FE87B06}.Debug|Any CPU.ActiveCfg = Debug|Any CPU
		{90113955-6214-49C7-8C00-21E22FE87B06}.Debug|Any CPU.Build.0 = Debug|Any CPU
		{90113955-6214-49C7-8C00-21E22FE87B06}.Release|Any CPU.ActiveCfg = Release|Any CPU
		{90113955-6214-49C7-8C00-21E22FE87B06}.Release|Any CPU.Build.0 = Release|Any CPU
		{F1B8EFB9-65DC-4DBF-83F3-1E846854647A}.Debug|Any CPU.ActiveCfg = Debug|Any CPU
		{F1B8EFB9-65DC-4DBF-83F3-1E846854647A}.Debug|Any CPU.Build.0 = Debug|Any CPU
		{F1B8EFB9-65DC-4DBF-83F3-1E846854647A}.Release|Any CPU.ActiveCfg = Release|Any CPU
		{F1B8EFB9-65DC-4DBF-83F3-1E846854647A}.Release|Any CPU.Build.0 = Release|Any CPU
		{398F3EFD-50BE-42C5-89AB-ED167EC3CCF7}.Debug|Any CPU.ActiveCfg = Debug|Any CPU
		{398F3EFD-50BE-42C5-89AB-ED167EC3CCF7}.Debug|Any CPU.Build.0 = Debug|Any CPU
		{398F3EFD-50BE-42C5-89AB-ED167EC3CCF7}.Release|Any CPU.ActiveCfg = Release|Any CPU
		{398F3EFD-50BE-42C5-89AB-ED167EC3CCF7}.Release|Any CPU.Build.0 = Release|Any CPU
	EndGlobalSection
	GlobalSection(SolutionProperties) = preSolution
		HideSolutionNode = FALSE
	EndGlobalSection
	GlobalSection(NestedProjects) = preSolution
		{ABD5C833-9460-4D68-932B-46BD27AF01AD} = {527EA006-8EDC-48FA-B905-BED954D79520}
		{8100426C-1F38-49B5-A3F6-2B85B3C9E950} = {527EA006-8EDC-48FA-B905-BED954D79520}
		{90113955-6214-49C7-8C00-21E22FE87B06} = {830168E9-4554-452C-97A9-D8A2B8B1FAE3}
		{C1B95B3A-2F35-411E-A550-1082F5FCC642} = {F533F71B-F610-4274-97F2-01CA0BB1A49B}
		{5F42EB93-BF7D-4DB2-AEC3-7ACB0FABDCA5} = {F533F71B-F610-4274-97F2-01CA0BB1A49B}
		{F1B8EFB9-65DC-4DBF-83F3-1E846854647A} = {5F42EB93-BF7D-4DB2-AEC3-7ACB0FABDCA5}
		{398F3EFD-50BE-42C5-89AB-ED167EC3CCF7} = {C1B95B3A-2F35-411E-A550-1082F5FCC642}
	EndGlobalSection
	GlobalSection(ExtensibilityGlobals) = postSolution
		SolutionGuid = {40260607-DD18-4A80-9918-4718B35CEC6F}
	EndGlobalSection
EndGlobal
